{
  "name": "api",
  "version": "1.0.0",
  "lockfileVersion": 1,
  "requires": true,
  "dependencies": {
    "http": {
      "version": "0.0.1-security",
      "resolved": "https://registry.npm.taobao.org/http/download/http-0.0.1-security.tgz",
      "integrity": "sha1-OqwJEp0S3CdHu85BV6/eIK0feZU=",
      "dev": true
    }
  }
}
